
Microsoft Visual Studio Solution File, Format Version 12.00
# Visual Studio 15
VisualStudioVersion = 15.0.28010.2019
MinimumVisualStudioVersion = 10.0.40219.1
Project("{FAE04EC0-301F-11D3-BF4B-00C04F79EFBC}") = "App2", "App2\App2.csproj", "{AD63BCCF-BAD6-48B8-99F3-38AF78E12E5E}"
EndProject
Global
	GlobalSection(SolutionConfigurationPlatforms) = preSolution
		Debug|ARM = Debug|ARM
		Debug|x64 = Debug|x64
		Debug|x86 = Debug|x86
		Release|ARM = Release|ARM
		Release|x64 = Release|x64
		Release|x86 = Release|x86
	EndGlobalSection
	GlobalSection(ProjectConfigurationPlatforms) = postSolution
		{AD63BCCF-BAD6-48B8-99F3-38AF78E12E5E}.Debug|ARM.ActiveCfg = Debug|ARM
		{AD63BCCF-BAD6-48B8-99F3-38AF78E12E5E}.Debug|ARM.Build.0 = Debug|ARM
		{AD63BCCF-BAD6-48B8-99F3-38AF78E12E5E}.Debug|ARM.Deploy.0 = Debug|ARM
		{AD63BCCF-BAD6-48B8-99F3-38AF78E12E5E}.Debug|x64.ActiveCfg = Debug|x64
		{AD63BCCF-BAD6-48B8-99F3-38AF78E12E5E}.Debug|x64.Build.0 = Debug|x64
		{AD63BCCF-BAD6-48B8-99F3-38AF78E12E5E}.Debug|x64.Deploy.0 = Debug|x64
		{AD63BCCF-BAD6-48B8-99F3-38AF78E12E5E}.Debug|x86.ActiveCfg = Debug|x86
		{AD63BCCF-BAD6-48B8-99F3-38AF78E12E5E}.Debug|x86.Build.0 = Debug|x86
		{AD63BCCF-BAD6-48B8-99F3-38AF78E12E5E}.Debug|x86.Deploy.0 = Debug|x86
		{AD63BCCF-BAD6-48B8-99F3-38AF78E12E5E}.Release|ARM.ActiveCfg = Release|ARM
		{AD63BCCF-BAD6-48B8-99F3-38AF78E12E5E}.Release|ARM.Build.0 = Release|ARM
		{AD63BCCF-BAD6-48B8-99F3-38AF78E12E5E}.Release|ARM.Deploy.0 = Release|ARM
		{AD63BCCF-BAD6-48B8-99F3-38AF78E12E5E}.Release|x64.ActiveCfg = Release|x64
		{AD63BCCF-BAD6-48B8-99F3-38AF78E12E5E}.Release|x64.Build.0 = Release|x64
		{AD63BCCF-BAD6-48B8-99F3-38AF78E12E5E}.Release|x64.Deploy.0 = Release|x64
		{AD63BCCF-BAD6-48B8-99F3-38AF78E12E5E}.Release|x86.ActiveCfg = Release|x86
		{AD63BCCF-BAD6-48B8-99F3-38AF78E12E5E}.Release|x86.Build.0 = Release|x86
		{AD63BCCF-BAD6-48B8-99F3-38AF78E12E5E}.Release|x86.Deploy.0 = Release|x86
	EndGlobalSection
	GlobalSection(SolutionProperties) = preSolution
		HideSolutionNode = FALSE
	EndGlobalSection
	GlobalSection(ExtensibilityGlobals) = postSolution
		SolutionGuid = {A21F196D-5E95-45D2-9A39-4590DCD9E4A4}
	EndGlobalSection
EndGlobal
